// !$*UTF8*$!
{
	archiveVersion = 1;
	classes = {
	};
	objectVersion = 48;
	objects = {

/* Begin PBXBuildFile section */
		ED838BEF2066881100B49C52 /* APIService.swift in Sources */ = {isa = PBXBuildFile; fileRef = ED838BEE2066881100B49C52 /* APIService.swift */; };
		EDA026B72066947900CF4753 /* Constants.swift in Sources */ = {isa = PBXBuildFile; fileRef = EDA026B62066947900CF4753 /* Constants.swift */; };
		EDB49CE2E415A307BB8813EB /* Pods_2chairs.framework in Frameworks */ = {isa = PBXBuildFile; fileRef = A36463F05DDA62792C628477 /* Pods_2chairs.framework */; };
		EDC781A72065402500975E9F /* art.scnassets in Resources */ = {isa = PBXBuildFile; fileRef = EDC781A62065402500975E9F /* art.scnassets */; };
		EDC781A92065402500975E9F /* ChairsPlacerVC.swift in Sources */ = {isa = PBXBuildFile; fileRef = EDC781A82065402500975E9F /* ChairsPlacerVC.swift */; };
		EDC781AC2065402500975E9F /* Main.storyboard in Resources */ = {isa = PBXBuildFile; fileRef = EDC781AA2065402500975E9F /* Main.storyboard */; };
		EDC781AE2065402500975E9F /* Assets.xcassets in Resources */ = {isa = PBXBuildFile; fileRef = EDC781AD2065402500975E9F /* Assets.xcassets */; };
		EDC781B12065402500975E9F /* LaunchScreen.storyboard in Resources */ = {isa = PBXBuildFile; fileRef = EDC781AF2065402500975E9F /* LaunchScreen.storyboard */; };
		EDDA0E6720669A96002F24CE /* if_plus_alt_118618-2.png in Resources */ = {isa = PBXBuildFile; fileRef = EDDA0E6620669A96002F24CE /* if_plus_alt_118618-2.png */; };
		EDDA0E6920669C70002F24CE /* CompaniesVC.swift in Sources */ = {isa = PBXBuildFile; fileRef = EDDA0E6820669C70002F24CE /* CompaniesVC.swift */; };
		EDDA0E6B20669CF3002F24CE /* if_x_alt_118584.png in Resources */ = {isa = PBXBuildFile; fileRef = EDDA0E6A20669CF3002F24CE /* if_x_alt_118584.png */; };
		EDDA0E6D20669D43002F24CE /* AppDelegate.swift in Sources */ = {isa = PBXBuildFile; fileRef = EDDA0E6C20669D43002F24CE /* AppDelegate.swift */; };
		EDDA0E6F2066C55B002F24CE /* if_curved_arrow_118685.png in Resources */ = {isa = PBXBuildFile; fileRef = EDDA0E6E2066C55B002F24CE /* if_curved_arrow_118685.png */; };
		EDDA0E74206730C1002F24CE /* cupboard.png in Resources */ = {isa = PBXBuildFile; fileRef = EDDA0E71206730C0002F24CE /* cupboard.png */; };
		EDDA0E75206730C1002F24CE /* frame.png in Resources */ = {isa = PBXBuildFile; fileRef = EDDA0E72206730C0002F24CE /* frame.png */; };
		EDDA0E76206730C1002F24CE /* table.png in Resources */ = {isa = PBXBuildFile; fileRef = EDDA0E73206730C1002F24CE /* table.png */; };
		EDDA0E7820673293002F24CE /* itemCell.swift in Sources */ = {isa = PBXBuildFile; fileRef = EDDA0E7720673293002F24CE /* itemCell.swift */; };
		EDDA0E7A20673430002F24CE /* ItemsVC.swift in Sources */ = {isa = PBXBuildFile; fileRef = EDDA0E7920673430002F24CE /* ItemsVC.swift */; };
/* End PBXBuildFile section */

/* Begin PBXFileReference section */
		5FE2DC5901BFD9A616C472EB /* Pods-2chairs.release.xcconfig */ = {isa = PBXFileReference; includeInIndex = 1; lastKnownFileType = text.xcconfig; name = "Pods-2chairs.release.xcconfig"; path = "Pods/Target Support Files/Pods-2chairs/Pods-2chairs.release.xcconfig"; sourceTree = "<group>"; };
		6E86DDA2EC49594290262184 /* Pods-2chairs.debug.xcconfig */ = {isa = PBXFileReference; includeInIndex = 1; lastKnownFileType = text.xcconfig; name = "Pods-2chairs.debug.xcconfig"; path = "Pods/Target Support Files/Pods-2chairs/Pods-2chairs.debug.xcconfig"; sourceTree = "<group>"; };
		A36463F05DDA62792C628477 /* Pods_2chairs.framework */ = {isa = PBXFileReference; explicitFileType = wrapper.framework; includeInIndex = 0; path = Pods_2chairs.framework; sourceTree = BUILT_PRODUCTS_DIR; };
		ED838BEE2066881100B49C52 /* APIService.swift */ = {isa = PBXFileReference; lastKnownFileType = sourcecode.swift; path = APIService.swift; sourceTree = "<group>"; };
		EDA026B62066947900CF4753 /* Constants.swift */ = {isa = PBXFileReference; lastKnownFileType = sourcecode.swift; path = Constants.swift; sourceTree = "<group>"; };
		EDC781A12065402500975E9F /* 2chairs.app */ = {isa = PBXFileReference; explicitFileType = wrapper.application; includeInIndex = 0; path = 2chairs.app; sourceTree = BUILT_PRODUCTS_DIR; };
		EDC781A62065402500975E9F /* art.scnassets */ = {isa = PBXFileReference; lastKnownFileType = wrapper.scnassets; path = art.scnassets; sourceTree = "<group>"; };
		EDC781A82065402500975E9F /* ChairsPlacerVC.swift */ = {isa = PBXFileReference; lastKnownFileType = sourcecode.swift; path = ChairsPlacerVC.swift; sourceTree = "<group>"; };
		EDC781AB2065402500975E9F /* Base */ = {isa = PBXFileReference; lastKnownFileType = file.storyboard; name = Base; path = Base.lproj/Main.storyboard; sourceTree = "<group>"; };
		EDC781AD2065402500975E9F /* Assets.xcassets */ = {isa = PBXFileReference; lastKnownFileType = folder.assetcatalog; path = Assets.xcassets; sourceTree = "<group>"; };
		EDC781B02065402500975E9F /* Base */ = {isa = PBXFileReference; lastKnownFileType = file.storyboard; name = Base; path = Base.lproj/LaunchScreen.storyboard; sourceTree = "<group>"; };
		EDC781B22065402500975E9F /* Info.plist */ = {isa = PBXFileReference; lastKnownFileType = text.plist.xml; path = Info.plist; sourceTree = "<group>"; };
		EDDA0E6620669A96002F24CE /* if_plus_alt_118618-2.png */ = {isa = PBXFileReference; lastKnownFileType = image.png; path = "if_plus_alt_118618-2.png"; sourceTree = "<group>"; };
		EDDA0E6820669C70002F24CE /* CompaniesVC.swift */ = {isa = PBXFileReference; lastKnownFileType = sourcecode.swift; path = CompaniesVC.swift; sourceTree = "<group>"; };
		EDDA0E6A20669CF3002F24CE /* if_x_alt_118584.png */ = {isa = PBXFileReference; lastKnownFileType = image.png; path = if_x_alt_118584.png; sourceTree = "<group>"; };
		EDDA0E6C20669D43002F24CE /* AppDelegate.swift */ = {isa = PBXFileReference; lastKnownFileType = sourcecode.swift; path = AppDelegate.swift; sourceTree = "<group>"; };
		EDDA0E6E2066C55B002F24CE /* if_curved_arrow_118685.png */ = {isa = PBXFileReference; lastKnownFileType = image.png; path = if_curved_arrow_118685.png; sourceTree = "<group>"; };
		EDDA0E71206730C0002F24CE /* cupboard.png */ = {isa = PBXFileReference; lastKnownFileType = image.png; path = cupboard.png; sourceTree = "<group>"; };
		EDDA0E72206730C0002F24CE /* frame.png */ = {isa = PBXFileReference; lastKnownFileType = image.png; path = frame.png; sourceTree = "<group>"; };
		EDDA0E73206730C1002F24CE /* table.png */ = {isa = PBXFileReference; lastKnownFileType = image.png; path = table.png; sourceTree = "<group>"; };
		EDDA0E7720673293002F24CE /* itemCell.swift */ = {isa = PBXFileReference; lastKnownFileType = sourcecode.swift; path = itemCell.swift; sourceTree = "<group>"; };
		EDDA0E7920673430002F24CE /* ItemsVC.swift */ = {isa = PBXFileReference; lastKnownFileType = sourcecode.swift; path = ItemsVC.swift; sourceTree = "<group>"; };
/* End PBXFileReference section */

/* Begin PBXFrameworksBuildPhase section */
		EDC7819E2065402500975E9F /* Frameworks */ = {
			isa = PBXFrameworksBuildPhase;
			buildActionMask = 2147483647;
			files = (
				EDB49CE2E415A307BB8813EB /* Pods_2chairs.framework in Frameworks */,
			);
			runOnlyForDeploymentPostprocessing = 0;
		};
/* End PBXFrameworksBuildPhase section */

/* Begin PBXGroup section */
		DB7F9D99E4283490A3574224 /* Frameworks */ = {
			isa = PBXGroup;
			children = (
				A36463F05DDA62792C628477 /* Pods_2chairs.framework */,
			);
			name = Frameworks;
			sourceTree = "<group>";
		};
		E37B0D8E6288D656F309F1E8 /* Pods */ = {
			isa = PBXGroup;
			children = (
				6E86DDA2EC49594290262184 /* Pods-2chairs.debug.xcconfig */,
				5FE2DC5901BFD9A616C472EB /* Pods-2chairs.release.xcconfig */,
			);
			name = Pods;
			sourceTree = "<group>";
		};
		EDC781982065402500975E9F = {
			isa = PBXGroup;
			children = (
				EDC781A32065402500975E9F /* 2chairs */,
				EDC781A22065402500975E9F /* Products */,
				E37B0D8E6288D656F309F1E8 /* Pods */,
				DB7F9D99E4283490A3574224 /* Frameworks */,
			);
			sourceTree = "<group>";
		};
		EDC781A22065402500975E9F /* Products */ = {
			isa = PBXGroup;
			children = (
				EDC781A12065402500975E9F /* 2chairs.app */,
			);
			name = Products;
			sourceTree = "<group>";
		};
		EDC781A32065402500975E9F /* 2chairs */ = {
			isa = PBXGroup;
			children = (
				EDC781A62065402500975E9F /* art.scnassets */,
				EDDA0E6C20669D43002F24CE /* AppDelegate.swift */,
				EDC781AA2065402500975E9F /* Main.storyboard */,
				EDC781AD2065402500975E9F /* Assets.xcassets */,
				EDDA0E70206730A5002F24CE /* pics */,
				EDC781AF2065402500975E9F /* LaunchScreen.storyboard */,
				EDC781B22065402500975E9F /* Info.plist */,
				ED838BEE2066881100B49C52 /* APIService.swift */,
				EDA026B62066947900CF4753 /* Constants.swift */,
				EDC781A82065402500975E9F /* ChairsPlacerVC.swift */,
				EDDA0E6820669C70002F24CE /* CompaniesVC.swift */,
				EDDA0E7720673293002F24CE /* itemCell.swift */,
				EDDA0E7920673430002F24CE /* ItemsVC.swift */,
			);
			path = 2chairs;
			sourceTree = "<group>";
		};
		EDDA0E70206730A5002F24CE /* pics */ = {
			isa = PBXGroup;
			children = (
				EDDA0E71206730C0002F24CE /* cupboard.png */,
				EDDA0E72206730C0002F24CE /* frame.png */,
				EDDA0E73206730C1002F24CE /* table.png */,
				EDDA0E6E2066C55B002F24CE /* if_curved_arrow_118685.png */,
				EDDA0E6A20669CF3002F24CE /* if_x_alt_118584.png */,
				EDDA0E6620669A96002F24CE /* if_plus_alt_118618-2.png */,
			);
			path = pics;
			sourceTree = "<group>";
		};
/* End PBXGroup section */

/* Begin PBXNativeTarget section */
		EDC781A02065402500975E9F /* 2chairs */ = {
			isa = PBXNativeTarget;
			buildConfigurationList = EDC781B52065402500975E9F /* Build configuration list for PBXNativeTarget "2chairs" */;
			buildPhases = (
				879140846586F29F4B6FAB97 /* [CP] Check Pods Manifest.lock */,
				EDC7819D2065402500975E9F /* Sources */,
				EDC7819E2065402500975E9F /* Frameworks */,
				EDC7819F2065402500975E9F /* Resources */,
				C2DB8E104C160C1A88A4D605 /* [CP] Embed Pods Frameworks */,
				03852480F51783358DC05DFE /* [CP] Copy Pods Resources */,
			);
			buildRules = (
			);
			dependencies = (
			);
			name = 2chairs;
			productName = 2chairs;
			productReference = EDC781A12065402500975E9F /* 2chairs.app */;
			productType = "com.apple.product-type.application";
		};
/* End PBXNativeTarget section */

/* Begin PBXProject section */
		EDC781992065402500975E9F /* Project object */ = {
			isa = PBXProject;
			attributes = {
				LastSwiftUpdateCheck = 0920;
				LastUpgradeCheck = 0920;
				ORGANIZATIONNAME = OttersTeam;
				TargetAttributes = {
					EDC781A02065402500975E9F = {
						CreatedOnToolsVersion = 9.2;
						ProvisioningStyle = Automatic;
					};
				};
			};
			buildConfigurationList = EDC7819C2065402500975E9F /* Build configuration list for PBXProject "2chairs" */;
			compatibilityVersion = "Xcode 8.0";
			developmentRegion = en;
			hasScannedForEncodings = 0;
			knownRegions = (
				en,
				Base,
			);
			mainGroup = EDC781982065402500975E9F;
			productRefGroup = EDC781A22065402500975E9F /* Products */;
			projectDirPath = "";
			projectRoot = "";
			targets = (
				EDC781A02065402500975E9F /* 2chairs */,
			);
		};
/* End PBXProject section */

/* Begin PBXResourcesBuildPhase section */
		EDC7819F2065402500975E9F /* Resources */ = {
			isa = PBXResourcesBuildPhase;
			buildActionMask = 2147483647;
			files = (
				EDDA0E74206730C1002F24CE /* cupboard.png in Resources */,
				EDDA0E75206730C1002F24CE /* frame.png in Resources */,
				EDDA0E6720669A96002F24CE /* if_plus_alt_118618-2.png in Resources */,
				EDC781A72065402500975E9F /* art.scnassets in Resources */,
				EDC781B12065402500975E9F /* LaunchScreen.storyboard in Resources */,
				EDC781AE2065402500975E9F /* Assets.xcassets in Resources */,
				EDDA0E6B20669CF3002F24CE /* if_x_alt_118584.png in Resources */,
				EDDA0E76206730C1002F24CE /* table.png in Resources */,
				EDDA0E6F2066C55B002F24CE /* if_curved_arrow_118685.png in Resources */,
				EDC781AC2065402500975E9F /* Main.storyboard in Resources */,
			);
			runOnlyForDeploymentPostprocessing = 0;
		};
/* End PBXResourcesBuildPhase section */

/* Begin PBXShellScriptBuildPhase section */
		03852480F51783358DC05DFE /* [CP] Copy Pods Resources */ = {
			isa = PBXShellScriptBuildPhase;
			buildActionMask = 2147483647;
			files = (
			);
			inputPaths = (
			);
			name = "[CP] Copy Pods Resources";
			outputPaths = (
			);
			runOnlyForDeploymentPostprocessing = 0;
			shellPath = /bin/sh;
			shellScript = "\"${SRCROOT}/Pods/Target Support Files/Pods-2chairs/Pods-2chairs-resources.sh\"\n";
			showEnvVarsInLog = 0;
		};
		879140846586F29F4B6FAB97 /* [CP] Check Pods Manifest.lock */ = {
			isa = PBXShellScriptBuildPhase;
			buildActionMask = 2147483647;
			files = (
			);
			inputPaths = (
			);
			name = "[CP] Check Pods Manifest.lock";
			outputPaths = (
			);
			runOnlyForDeploymentPostprocessing = 0;
			shellPath = /bin/sh;
			shellScript = "diff \"${PODS_ROOT}/../Podfile.lock\" \"${PODS_ROOT}/Manifest.lock\" > /dev/null\nif [ $? != 0 ] ; then\n    # print error to STDERR\n    echo \"error: The sandbox is not in sync with the Podfile.lock. Run 'pod install' or update your CocoaPods installation.\" >&2\n    exit 1\nfi\n";
			showEnvVarsInLog = 0;
		};
		C2DB8E104C160C1A88A4D605 /* [CP] Embed Pods Frameworks */ = {
			isa = PBXShellScriptBuildPhase;
			buildActionMask = 2147483647;
			files = (
			);
			inputPaths = (
			);
			name = "[CP] Embed Pods Frameworks";
			outputPaths = (
			);
			runOnlyForDeploymentPostprocessing = 0;
			shellPath = /bin/sh;
			shellScript = "\"${SRCROOT}/Pods/Target Support Files/Pods-2chairs/Pods-2chairs-frameworks.sh\"\n";
			showEnvVarsInLog = 0;
		};
/* End PBXShellScriptBuildPhase section */

/* Begin PBXSourcesBuildPhase section */
		EDC7819D2065402500975E9F /* Sources */ = {
			isa = PBXSourcesBuildPhase;
			buildActionMask = 2147483647;
			files = (
				EDDA0E7A20673430002F24CE /* ItemsVC.swift in Sources */,
				EDC781A92065402500975E9F /* ChairsPlacerVC.swift in Sources */,
				ED838BEF2066881100B49C52 /* APIService.swift in Sources */,
				EDDA0E6920669C70002F24CE /* CompaniesVC.swift in Sources */,
				EDDA0E7820673293002F24CE /* itemCell.swift in Sources */,
				EDDA0E6D20669D43002F24CE /* AppDelegate.swift in Sources */,
				EDA026B72066947900CF4753 /* Constants.swift in Sources */,
			);
			runOnlyForDeploymentPostprocessing = 0;
		};
/* End PBXSourcesBuildPhase section */

/* Begin PBXVariantGroup section */
		EDC781AA2065402500975E9F /* Main.storyboard */ = {
			isa = PBXVariantGroup;
			children = (
				EDC781AB2065402500975E9F /* Base */,
			);
			name = Main.storyboard;
			sourceTree = "<group>";
		};
		EDC781AF2065402500975E9F /* LaunchScreen.storyboard */ = {
			isa = PBXVariantGroup;
			children = (
				EDC781B02065402500975E9F /* Base */,
			);
			name = LaunchScreen.storyboard;
			sourceTree = "<group>";
		};
/* End PBXVariantGroup section */

/* Begin XCBuildConfiguration section */
		EDC781B32065402500975E9F /* Debug */ = {
			isa = XCBuildConfiguration;
			buildSettings = {
				ALWAYS_SEARCH_USER_PATHS = NO;
				CLANG_ANALYZER_NONNULL = YES;
				CLANG_ANALYZER_NUMBER_OBJECT_CONVERSION = YES_AGGRESSIVE;
				CLANG_CXX_LANGUAGE_STANDARD = "gnu++14";
				CLANG_CXX_LIBRARY = "libc++";
				CLANG_ENABLE_MODULES = YES;
				CLANG_ENABLE_OBJC_ARC = YES;
				CLANG_WARN_BLOCK_CAPTURE_AUTORELEASING = YES;
				CLANG_WARN_BOOL_CONVERSION = YES;
				CLANG_WARN_COMMA = YES;
				CLANG_WARN_CONSTANT_CONVERSION = YES;
				CLANG_WARN_DIRECT_OBJC_ISA_USAGE = YES_ERROR;
				CLANG_WARN_DOCUMENTATION_COMMENTS = YES;
				CLANG_WARN_EMPTY_BODY = YES;
				CLANG_WARN_ENUM_CONVERSION = YES;
				CLANG_WARN_INFINITE_RECURSION = YES;
				CLANG_WARN_INT_CONVERSION = YES;
				CLANG_WARN_NON_LITERAL_NULL_CONVERSION = YES;
				CLANG_WARN_OBJC_LITERAL_CONVERSION = YES;
				CLANG_WARN_OBJC_ROOT_CLASS = YES_ERROR;
				CLANG_WARN_RANGE_LOOP_ANALYSIS = YES;
				CLANG_WARN_STRICT_PROTOTYPES = YES;
				CLANG_WARN_SUSPICIOUS_MOVE = YES;
				CLANG_WARN_UNGUARDED_AVAILABILITY = YES_AGGRESSIVE;
				CLANG_WARN_UNREACHABLE_CODE = YES;
				CLANG_WARN__DUPLICATE_METHOD_MATCH = YES;
				CODE_SIGN_IDENTITY = "iPhone Developer";
				COPY_PHASE_STRIP = NO;
				DEBUG_INFORMATION_FORMAT = dwarf;
				ENABLE_STRICT_OBJC_MSGSEND = YES;
				ENABLE_TESTABILITY = YES;
				GCC_C_LANGUAGE_STANDARD = gnu11;
				GCC_DYNAMIC_NO_PIC = NO;
				GCC_NO_COMMON_BLOCKS = YES;
				GCC_OPTIMIZATION_LEVEL = 0;
				GCC_PREPROCESSOR_DEFINITIONS = (
					"DEBUG=1",
					"$(inherited)",
				);
				GCC_WARN_64_TO_32_BIT_CONVERSION = YES;
				GCC_WARN_ABOUT_RETURN_TYPE = YES_ERROR;
				GCC_WARN_UNDECLARED_SELECTOR = YES;
				GCC_WARN_UNINITIALIZED_AUTOS = YES_AGGRESSIVE;
				GCC_WARN_UNUSED_FUNCTION = YES;
				GCC_WARN_UNUSED_VARIABLE = YES;
				IPHONEOS_DEPLOYMENT_TARGET = 11.2;
				MTL_ENABLE_DEBUG_INFO = YES;
				ONLY_ACTIVE_ARCH = YES;
				SDKROOT = iphoneos;
				SWIFT_ACTIVE_COMPILATION_CONDITIONS = DEBUG;
				SWIFT_OPTIMIZATION_LEVEL = "-Onone";
			};
			name = Debug;
		};
		EDC781B42065402500975E9F /* Release */ = {
			isa = XCBuildConfiguration;
			buildSettings = {
				ALWAYS_SEARCH_USER_PATHS = NO;
				CLANG_ANALYZER_NONNULL = YES;
				CLANG_ANALYZER_NUMBER_OBJECT_CONVERSION = YES_AGGRESSIVE;
				CLANG_CXX_LANGUAGE_STANDARD = "gnu++14";
				CLANG_CXX_LIBRARY = "libc++";
				CLANG_ENABLE_MODULES = YES;
				CLANG_ENABLE_OBJC_ARC = YES;
				CLANG_WARN_BLOCK_CAPTURE_AUTORELEASING = YES;
				CLANG_WARN_BOOL_CONVERSION = YES;
				CLANG_WARN_COMMA = YES;
				CLANG_WARN_CONSTANT_CONVERSION = YES;
				CLANG_WARN_DIRECT_OBJC_ISA_USAGE = YES_ERROR;
				CLANG_WARN_DOCUMENTATION_COMMENTS = YES;
				CLANG_WARN_EMPTY_BODY = YES;
				CLANG_WARN_ENUM_CONVERSION = YES;
				CLANG_WARN_INFINITE_RECURSION = YES;
				CLANG_WARN_INT_CONVERSION = YES;
				CLANG_WARN_NON_LITERAL_NULL_CONVERSION = YES;
				CLANG_WARN_OBJC_LITERAL_CONVERSION = YES;
				CLANG_WARN_OBJC_ROOT_CLASS = YES_ERROR;
				CLANG_WARN_RANGE_LOOP_ANALYSIS = YES;
				CLANG_WARN_STRICT_PROTOTYPES = YES;
				CLANG_WARN_SUSPICIOUS_MOVE = YES;
				CLANG_WARN_UNGUARDED_AVAILABILITY = YES_AGGRESSIVE;
				CLANG_WARN_UNREACHABLE_CODE = YES;
				CLANG_WARN__DUPLICATE_METHOD_MATCH = YES;
				CODE_SIGN_IDENTITY = "iPhone Developer";
				COPY_PHASE_STRIP = NO;
				DEBUG_INFORMATION_FORMAT = "dwarf-with-dsym";
				ENABLE_NS_ASSERTIONS = NO;
				ENABLE_STRICT_OBJC_MSGSEND = YES;
				GCC_C_LANGUAGE_STANDARD = gnu11;
				GCC_NO_COMMON_BLOCKS = YES;
				GCC_WARN_64_TO_32_BIT_CONVERSION = YES;
				GCC_WARN_ABOUT_RETURN_TYPE = YES_ERROR;
				GCC_WARN_UNDECLARED_SELECTOR = YES;
				GCC_WARN_UNINITIALIZED_AUTOS = YES_AGGRESSIVE;
				GCC_WARN_UNUSED_FUNCTION = YES;
				GCC_WARN_UNUSED_VARIABLE = YES;
				IPHONEOS_DEPLOYMENT_TARGET = 11.2;
				MTL_ENABLE_DEBUG_INFO = NO;
				SDKROOT = iphoneos;
				SWIFT_OPTIMIZATION_LEVEL = "-Owholemodule";
				VALIDATE_PRODUCT = YES;
			};
			name = Release;
		};
		EDC781B62065402500975E9F /* Debug */ = {
			isa = XCBuildConfiguration;
			baseConfigurationReference = 6E86DDA2EC49594290262184 /* Pods-2chairs.debug.xcconfig */;
			buildSettings = {
				ASSETCATALOG_COMPILER_APPICON_NAME = AppIcon;
				CODE_SIGN_STYLE = Automatic;
				DEVELOPMENT_TEAM = PZT3HC3PPZ;
				INFOPLIST_FILE = 2chairs/Info.plist;
				IPHONEOS_DEPLOYMENT_TARGET = 11.0;
				LD_RUNPATH_SEARCH_PATHS = "$(inherited) @executable_path/Frameworks";
				PRODUCT_BUNDLE_IDENTIFIER = OT.2chairs;
				PRODUCT_NAME = "$(TARGET_NAME)";
				SWIFT_VERSION = 4.0;
				TARGETED_DEVICE_FAMILY = "1,2";
			};
			name = Debug;
		};
		EDC781B72065402500975E9F /* Release */ = {
			isa = XCBuildConfiguration;
			baseConfigurationReference = 5FE2DC5901BFD9A616C472EB /* Pods-2chairs.release.xcconfig */;
			buildSettings = {
				ASSETCATALOG_COMPILER_APPICON_NAME = AppIcon;
				CODE_SIGN_STYLE = Automatic;
				DEVELOPMENT_TEAM = PZT3HC3PPZ;
				INFOPLIST_FILE = 2chairs/Info.plist;
				IPHONEOS_DEPLOYMENT_TARGET = 11.0;
				LD_RUNPATH_SEARCH_PATHS = "$(inherited) @executable_path/Frameworks";
				PRODUCT_BUNDLE_IDENTIFIER = OT.2chairs;
				PRODUCT_NAME = "$(TARGET_NAME)";
				SWIFT_VERSION = 4.0;
				TARGETED_DEVICE_FAMILY = "1,2";
			};
			name = Release;
		};
/* End XCBuildConfiguration section */

/* Begin XCConfigurationList section */
		EDC7819C2065402500975E9F /* Build configuration list for PBXProject "2chairs" */ = {
			isa = XCConfigurationList;
			buildConfigurations = (
				EDC781B32065402500975E9F /* Debug */,
				EDC781B42065402500975E9F /* Release */,
			);
			defaultConfigurationIsVisible = 0;
			defaultConfigurationName = Release;
		};
		EDC781B52065402500975E9F /* Build configuration list for PBXNativeTarget "2chairs" */ = {
			isa = XCConfigurationList;
			buildConfigurations = (
				EDC781B62065402500975E9F /* Debug */,
				EDC781B72065402500975E9F /* Release */,
			);
			defaultConfigurationIsVisible = 0;
			defaultConfigurationName = Release;
		};
/* End XCConfigurationList section */
	};
	rootObject = EDC781992065402500975E9F /* Project object */;
}
